// !$*UTF8*$!
{
	archiveVersion = 1;
	classes = {
	};
	objectVersion = 46;
	objects = {

/* Begin PBXBuildFile section */
		10DE6A1BE2D82A87E720FE0D /* Pods_AbfahrtTests.framework in Frameworks */ = {isa = PBXBuildFile; fileRef = 8891D54B844DDA7BC546D5F0 /* Pods_AbfahrtTests.framework */; };
		3C666980F9091F26C42C2738 /* Pods_Abfahrt.framework in Frameworks */ = {isa = PBXBuildFile; fileRef = 2813B8D0D6F171A86E250941 /* Pods_Abfahrt.framework */; };
		5D290D7E1EF52CDE00E63E89 /* AppDelegate.swift in Sources */ = {isa = PBXBuildFile; fileRef = 5D290D7D1EF52CDE00E63E89 /* AppDelegate.swift */; };
		5D290D801EF52CDE00E63E89 /* ViewController.swift in Sources */ = {isa = PBXBuildFile; fileRef = 5D290D7F1EF52CDE00E63E89 /* ViewController.swift */; };
		5D290D851EF52CDE00E63E89 /* Assets.xcassets in Resources */ = {isa = PBXBuildFile; fileRef = 5D290D841EF52CDE00E63E89 /* Assets.xcassets */; };
		5D290D881EF52CDE00E63E89 /* LaunchScreen.storyboard in Resources */ = {isa = PBXBuildFile; fileRef = 5D290D861EF52CDE00E63E89 /* LaunchScreen.storyboard */; };
		5D290D931EF52CDF00E63E89 /* AbfahrtTests.swift in Sources */ = {isa = PBXBuildFile; fileRef = 5D290D921EF52CDF00E63E89 /* AbfahrtTests.swift */; };
		5D290DA01EF52CF000E63E89 /* API.swift in Sources */ = {isa = PBXBuildFile; fileRef = 5D290D9D1EF52CF000E63E89 /* API.swift */; };
		5D290DA11EF52CF000E63E89 /* Station.swift in Sources */ = {isa = PBXBuildFile; fileRef = 5D290D9E1EF52CF000E63E89 /* Station.swift */; };
		5D290DA41EF534BD00E63E89 /* Departure.swift in Sources */ = {isa = PBXBuildFile; fileRef = 5D290DA31EF534BC00E63E89 /* Departure.swift */; };
		5DF13D471EF542D3006F69B7 /* DeparturesViewController.swift in Sources */ = {isa = PBXBuildFile; fileRef = 5DF13D461EF542D3006F69B7 /* DeparturesViewController.swift */; };
		5DF13D491EF54A6D006F69B7 /* DepartureTableViewCell.swift in Sources */ = {isa = PBXBuildFile; fileRef = 5DF13D481EF54A6D006F69B7 /* DepartureTableViewCell.swift */; };
		5DFFF5371EF555090090B768 /* Extensions.swift in Sources */ = {isa = PBXBuildFile; fileRef = 5DFFF5361EF555090090B768 /* Extensions.swift */; };
		800405822039DC3A003C0DC9 /* NotificationManager.swift in Sources */ = {isa = PBXBuildFile; fileRef = 800405812039DC3A003C0DC9 /* NotificationManager.swift */; };
		803CEE691F754DC4002EB5C4 /* Quiddestraße.gpx in Resources */ = {isa = PBXBuildFile; fileRef = 5DFFF5381EF5571C0090B768 /* Quiddestraße.gpx */; };
		803CEE6A1F754DC6002EB5C4 /* Hauptbahnhof.gpx in Resources */ = {isa = PBXBuildFile; fileRef = 5DFFF5391EF557650090B768 /* Hauptbahnhof.gpx */; };
		806BBA571F7A89CC00A7882F /* SpringBoardShortcutManager.swift in Sources */ = {isa = PBXBuildFile; fileRef = 806BBA561F7A89CC00A7882F /* SpringBoardShortcutManager.swift */; };
		807C48091F4060A500CAD35D /* Interruption.swift in Sources */ = {isa = PBXBuildFile; fileRef = 807C48081F4060A500CAD35D /* Interruption.swift */; };
/* End PBXBuildFile section */

/* Begin PBXContainerItemProxy section */
		5D290D8F1EF52CDF00E63E89 /* PBXContainerItemProxy */ = {
			isa = PBXContainerItemProxy;
			containerPortal = 5D290D721EF52CDE00E63E89 /* Project object */;
			proxyType = 1;
			remoteGlobalIDString = 5D290D791EF52CDE00E63E89;
			remoteInfo = Abfahrt;
		};
/* End PBXContainerItemProxy section */

/* Begin PBXFileReference section */
		1D7AEDDD2BAEC7785F7349AD /* Pods-Abfahrt.debug.xcconfig */ = {isa = PBXFileReference; includeInIndex = 1; lastKnownFileType = text.xcconfig; name = "Pods-Abfahrt.debug.xcconfig"; path = "Pods/Target Support Files/Pods-Abfahrt/Pods-Abfahrt.debug.xcconfig"; sourceTree = "<group>"; };
		2813B8D0D6F171A86E250941 /* Pods_Abfahrt.framework */ = {isa = PBXFileReference; explicitFileType = wrapper.framework; includeInIndex = 0; path = Pods_Abfahrt.framework; sourceTree = BUILT_PRODUCTS_DIR; };
		5D290D7A1EF52CDE00E63E89 /* Abfahrt.app */ = {isa = PBXFileReference; explicitFileType = wrapper.application; includeInIndex = 0; path = Abfahrt.app; sourceTree = BUILT_PRODUCTS_DIR; };
		5D290D7D1EF52CDE00E63E89 /* AppDelegate.swift */ = {isa = PBXFileReference; lastKnownFileType = sourcecode.swift; path = AppDelegate.swift; sourceTree = "<group>"; };
		5D290D7F1EF52CDE00E63E89 /* ViewController.swift */ = {isa = PBXFileReference; lastKnownFileType = sourcecode.swift; path = ViewController.swift; sourceTree = "<group>"; };
		5D290D841EF52CDE00E63E89 /* Assets.xcassets */ = {isa = PBXFileReference; lastKnownFileType = folder.assetcatalog; path = Assets.xcassets; sourceTree = "<group>"; };
		5D290D871EF52CDE00E63E89 /* Base */ = {isa = PBXFileReference; lastKnownFileType = file.storyboard; name = Base; path = Base.lproj/LaunchScreen.storyboard; sourceTree = "<group>"; };
		5D290D891EF52CDE00E63E89 /* Info.plist */ = {isa = PBXFileReference; lastKnownFileType = text.plist.xml; path = Info.plist; sourceTree = "<group>"; };
		5D290D8E1EF52CDF00E63E89 /* AbfahrtTests.xctest */ = {isa = PBXFileReference; explicitFileType = wrapper.cfbundle; includeInIndex = 0; path = AbfahrtTests.xctest; sourceTree = BUILT_PRODUCTS_DIR; };
		5D290D921EF52CDF00E63E89 /* AbfahrtTests.swift */ = {isa = PBXFileReference; lastKnownFileType = sourcecode.swift; path = AbfahrtTests.swift; sourceTree = "<group>"; };
		5D290D941EF52CDF00E63E89 /* Info.plist */ = {isa = PBXFileReference; lastKnownFileType = text.plist.xml; path = Info.plist; sourceTree = "<group>"; };
		5D290D9D1EF52CF000E63E89 /* API.swift */ = {isa = PBXFileReference; fileEncoding = 4; lastKnownFileType = sourcecode.swift; path = API.swift; sourceTree = "<group>"; };
		5D290D9E1EF52CF000E63E89 /* Station.swift */ = {isa = PBXFileReference; fileEncoding = 4; lastKnownFileType = sourcecode.swift; path = Station.swift; sourceTree = "<group>"; };
		5D290DA31EF534BC00E63E89 /* Departure.swift */ = {isa = PBXFileReference; fileEncoding = 4; lastKnownFileType = sourcecode.swift; path = Departure.swift; sourceTree = "<group>"; };
		5DF13D461EF542D3006F69B7 /* DeparturesViewController.swift */ = {isa = PBXFileReference; lastKnownFileType = sourcecode.swift; path = DeparturesViewController.swift; sourceTree = "<group>"; };
		5DF13D481EF54A6D006F69B7 /* DepartureTableViewCell.swift */ = {isa = PBXFileReference; lastKnownFileType = sourcecode.swift; path = DepartureTableViewCell.swift; sourceTree = "<group>"; };
		5DFFF5361EF555090090B768 /* Extensions.swift */ = {isa = PBXFileReference; fileEncoding = 4; lastKnownFileType = sourcecode.swift; path = Extensions.swift; sourceTree = "<group>"; };
		5DFFF5381EF5571C0090B768 /* Quiddestraße.gpx */ = {isa = PBXFileReference; lastKnownFileType = text.xml; path = "Quiddestraße.gpx"; sourceTree = "<group>"; };
		5DFFF5391EF557650090B768 /* Hauptbahnhof.gpx */ = {isa = PBXFileReference; lastKnownFileType = text.xml; path = Hauptbahnhof.gpx; sourceTree = "<group>"; };
		78462ABA644D007247FBC858 /* Pods-AbfahrtTests.debug.xcconfig */ = {isa = PBXFileReference; includeInIndex = 1; lastKnownFileType = text.xcconfig; name = "Pods-AbfahrtTests.debug.xcconfig"; path = "Pods/Target Support Files/Pods-AbfahrtTests/Pods-AbfahrtTests.debug.xcconfig"; sourceTree = "<group>"; };
		800405812039DC3A003C0DC9 /* NotificationManager.swift */ = {isa = PBXFileReference; lastKnownFileType = sourcecode.swift; path = NotificationManager.swift; sourceTree = "<group>"; };
		806BBA561F7A89CC00A7882F /* SpringBoardShortcutManager.swift */ = {isa = PBXFileReference; lastKnownFileType = sourcecode.swift; path = SpringBoardShortcutManager.swift; sourceTree = "<group>"; };
		807C48081F4060A500CAD35D /* Interruption.swift */ = {isa = PBXFileReference; fileEncoding = 4; lastKnownFileType = sourcecode.swift; path = Interruption.swift; sourceTree = "<group>"; };
		812C788CCFB283C6B9044CFF /* Pods-Abfahrt.release.xcconfig */ = {isa = PBXFileReference; includeInIndex = 1; lastKnownFileType = text.xcconfig; name = "Pods-Abfahrt.release.xcconfig"; path = "Pods/Target Support Files/Pods-Abfahrt/Pods-Abfahrt.release.xcconfig"; sourceTree = "<group>"; };
		8891D54B844DDA7BC546D5F0 /* Pods_AbfahrtTests.framework */ = {isa = PBXFileReference; explicitFileType = wrapper.framework; includeInIndex = 0; path = Pods_AbfahrtTests.framework; sourceTree = BUILT_PRODUCTS_DIR; };
		95908159FFD46E70F6B1F04C /* Pods-AbfahrtTests.release.xcconfig */ = {isa = PBXFileReference; includeInIndex = 1; lastKnownFileType = text.xcconfig; name = "Pods-AbfahrtTests.release.xcconfig"; path = "Pods/Target Support Files/Pods-AbfahrtTests/Pods-AbfahrtTests.release.xcconfig"; sourceTree = "<group>"; };
/* End PBXFileReference section */

/* Begin PBXFrameworksBuildPhase section */
		5D290D771EF52CDE00E63E89 /* Frameworks */ = {
			isa = PBXFrameworksBuildPhase;
			buildActionMask = 2147483647;
			files = (
				3C666980F9091F26C42C2738 /* Pods_Abfahrt.framework in Frameworks */,
			);
			runOnlyForDeploymentPostprocessing = 0;
		};
		5D290D8B1EF52CDF00E63E89 /* Frameworks */ = {
			isa = PBXFrameworksBuildPhase;
			buildActionMask = 2147483647;
			files = (
				10DE6A1BE2D82A87E720FE0D /* Pods_AbfahrtTests.framework in Frameworks */,
			);
			runOnlyForDeploymentPostprocessing = 0;
		};
/* End PBXFrameworksBuildPhase section */

/* Begin PBXGroup section */
		12B60F61FA4A741DAC250B4B /* Pods */ = {
			isa = PBXGroup;
			children = (
				1D7AEDDD2BAEC7785F7349AD /* Pods-Abfahrt.debug.xcconfig */,
				812C788CCFB283C6B9044CFF /* Pods-Abfahrt.release.xcconfig */,
				78462ABA644D007247FBC858 /* Pods-AbfahrtTests.debug.xcconfig */,
				95908159FFD46E70F6B1F04C /* Pods-AbfahrtTests.release.xcconfig */,
			);
			name = Pods;
			sourceTree = "<group>";
		};
		58A557C1639F05C563C6D971 /* Frameworks */ = {
			isa = PBXGroup;
			children = (
				2813B8D0D6F171A86E250941 /* Pods_Abfahrt.framework */,
				8891D54B844DDA7BC546D5F0 /* Pods_AbfahrtTests.framework */,
			);
			name = Frameworks;
			sourceTree = "<group>";
		};
		5D290D711EF52CDE00E63E89 = {
			isa = PBXGroup;
			children = (
				5D290D7C1EF52CDE00E63E89 /* Abfahrt */,
				5D290D911EF52CDF00E63E89 /* AbfahrtTests */,
				5D290D7B1EF52CDE00E63E89 /* Products */,
				12B60F61FA4A741DAC250B4B /* Pods */,
				58A557C1639F05C563C6D971 /* Frameworks */,
			);
			sourceTree = "<group>";
		};
		5D290D7B1EF52CDE00E63E89 /* Products */ = {
			isa = PBXGroup;
			children = (
				5D290D7A1EF52CDE00E63E89 /* Abfahrt.app */,
				5D290D8E1EF52CDF00E63E89 /* AbfahrtTests.xctest */,
			);
			name = Products;
			sourceTree = "<group>";
		};
		5D290D7C1EF52CDE00E63E89 /* Abfahrt */ = {
			isa = PBXGroup;
			children = (
				5D290D7D1EF52CDE00E63E89 /* AppDelegate.swift */,
				5D290D7F1EF52CDE00E63E89 /* ViewController.swift */,
				5DF13D461EF542D3006F69B7 /* DeparturesViewController.swift */,
				800405812039DC3A003C0DC9 /* NotificationManager.swift */,
				5DF13D481EF54A6D006F69B7 /* DepartureTableViewCell.swift */,
				5D290D9D1EF52CF000E63E89 /* API.swift */,
				807C48081F4060A500CAD35D /* Interruption.swift */,
				5D290DA31EF534BC00E63E89 /* Departure.swift */,
				5D290D9E1EF52CF000E63E89 /* Station.swift */,
				5DFFF5361EF555090090B768 /* Extensions.swift */,
				806BBA561F7A89CC00A7882F /* SpringBoardShortcutManager.swift */,
				5DFFF5381EF5571C0090B768 /* Quiddestraße.gpx */,
				5DFFF5391EF557650090B768 /* Hauptbahnhof.gpx */,
				5D290D841EF52CDE00E63E89 /* Assets.xcassets */,
				5D290D861EF52CDE00E63E89 /* LaunchScreen.storyboard */,
				5D290D891EF52CDE00E63E89 /* Info.plist */,
			);
			path = Abfahrt;
			sourceTree = "<group>";
		};
		5D290D911EF52CDF00E63E89 /* AbfahrtTests */ = {
			isa = PBXGroup;
			children = (
				5D290D921EF52CDF00E63E89 /* AbfahrtTests.swift */,
				5D290D941EF52CDF00E63E89 /* Info.plist */,
			);
			path = AbfahrtTests;
			sourceTree = "<group>";
		};
/* End PBXGroup section */

/* Begin PBXNativeTarget section */
		5D290D791EF52CDE00E63E89 /* Abfahrt */ = {
			isa = PBXNativeTarget;
			buildConfigurationList = 5D290D971EF52CDF00E63E89 /* Build configuration list for PBXNativeTarget "Abfahrt" */;
			buildPhases = (
				B03F35E69B20892CF3AF21CA /* [CP] Check Pods Manifest.lock */,
				5D290D761EF52CDE00E63E89 /* Sources */,
				5D290D771EF52CDE00E63E89 /* Frameworks */,
				5D290D781EF52CDE00E63E89 /* Resources */,
				9AEAE879C6F20CC39325D89A /* [CP] Embed Pods Frameworks */,
				5233C97521E51B30AD3E15CE /* [CP] Copy Pods Resources */,
			);
			buildRules = (
			);
			dependencies = (
			);
			name = Abfahrt;
			productName = Abfahrt;
			productReference = 5D290D7A1EF52CDE00E63E89 /* Abfahrt.app */;
			productType = "com.apple.product-type.application";
		};
		5D290D8D1EF52CDF00E63E89 /* AbfahrtTests */ = {
			isa = PBXNativeTarget;
			buildConfigurationList = 5D290D9A1EF52CDF00E63E89 /* Build configuration list for PBXNativeTarget "AbfahrtTests" */;
			buildPhases = (
				AB342301ED5D88E3BBD354CA /* [CP] Check Pods Manifest.lock */,
				5D290D8A1EF52CDF00E63E89 /* Sources */,
				5D290D8B1EF52CDF00E63E89 /* Frameworks */,
				5D290D8C1EF52CDF00E63E89 /* Resources */,
				C31F3CBAA82CCA9CD551EA5E /* [CP] Embed Pods Frameworks */,
				E931F2F9564800236C3CE12F /* [CP] Copy Pods Resources */,
			);
			buildRules = (
			);
			dependencies = (
				5D290D901EF52CDF00E63E89 /* PBXTargetDependency */,
			);
			name = AbfahrtTests;
			productName = AbfahrtTests;
			productReference = 5D290D8E1EF52CDF00E63E89 /* AbfahrtTests.xctest */;
			productType = "com.apple.product-type.bundle.unit-test";
		};
/* End PBXNativeTarget section */

/* Begin PBXProject section */
		5D290D721EF52CDE00E63E89 /* Project object */ = {
			isa = PBXProject;
			attributes = {
				LastSwiftUpdateCheck = 0830;
				LastUpgradeCheck = 0900;
				ORGANIZATIONNAME = "Lukas Kollmer";
				TargetAttributes = {
					5D290D791EF52CDE00E63E89 = {
						CreatedOnToolsVersion = 8.3.2;
						DevelopmentTeam = A485NLSB8K;
						LastSwiftMigration = 0900;
						ProvisioningStyle = Automatic;
					};
					5D290D8D1EF52CDF00E63E89 = {
						CreatedOnToolsVersion = 8.3.2;
						DevelopmentTeam = A485NLSB8K;
						LastSwiftMigration = 0900;
						ProvisioningStyle = Automatic;
						TestTargetID = 5D290D791EF52CDE00E63E89;
					};
				};
			};
			buildConfigurationList = 5D290D751EF52CDE00E63E89 /* Build configuration list for PBXProject "Abfahrt" */;
			compatibilityVersion = "Xcode 3.2";
			developmentRegion = English;
			hasScannedForEncodings = 0;
			knownRegions = (
				en,
				Base,
			);
			mainGroup = 5D290D711EF52CDE00E63E89;
			productRefGroup = 5D290D7B1EF52CDE00E63E89 /* Products */;
			projectDirPath = "";
			projectRoot = "";
			targets = (
				5D290D791EF52CDE00E63E89 /* Abfahrt */,
				5D290D8D1EF52CDF00E63E89 /* AbfahrtTests */,
			);
		};
/* End PBXProject section */

/* Begin PBXResourcesBuildPhase section */
		5D290D781EF52CDE00E63E89 /* Resources */ = {
			isa = PBXResourcesBuildPhase;
			buildActionMask = 2147483647;
			files = (
				5D290D881EF52CDE00E63E89 /* LaunchScreen.storyboard in Resources */,
				803CEE6A1F754DC6002EB5C4 /* Hauptbahnhof.gpx in Resources */,
				5D290D851EF52CDE00E63E89 /* Assets.xcassets in Resources */,
				803CEE691F754DC4002EB5C4 /* Quiddestraße.gpx in Resources */,
			);
			runOnlyForDeploymentPostprocessing = 0;
		};
		5D290D8C1EF52CDF00E63E89 /* Resources */ = {
			isa = PBXResourcesBuildPhase;
			buildActionMask = 2147483647;
			files = (
			);
			runOnlyForDeploymentPostprocessing = 0;
		};
/* End PBXResourcesBuildPhase section */

/* Begin PBXShellScriptBuildPhase section */
		5233C97521E51B30AD3E15CE /* [CP] Copy Pods Resources */ = {
			isa = PBXShellScriptBuildPhase;
			buildActionMask = 2147483647;
			files = (
			);
			inputPaths = (
			);
			name = "[CP] Copy Pods Resources";
			outputPaths = (
			);
			runOnlyForDeploymentPostprocessing = 0;
			shellPath = /bin/sh;
			shellScript = "\"${SRCROOT}/Pods/Target Support Files/Pods-Abfahrt/Pods-Abfahrt-resources.sh\"\n";
			showEnvVarsInLog = 0;
		};
		9AEAE879C6F20CC39325D89A /* [CP] Embed Pods Frameworks */ = {
			isa = PBXShellScriptBuildPhase;
			buildActionMask = 2147483647;
			files = (
			);
			inputPaths = (
			);
			name = "[CP] Embed Pods Frameworks";
			outputPaths = (
			);
			runOnlyForDeploymentPostprocessing = 0;
			shellPath = /bin/sh;
			shellScript = "\"${SRCROOT}/Pods/Target Support Files/Pods-Abfahrt/Pods-Abfahrt-frameworks.sh\"\n";
			showEnvVarsInLog = 0;
		};
		AB342301ED5D88E3BBD354CA /* [CP] Check Pods Manifest.lock */ = {
			isa = PBXShellScriptBuildPhase;
			buildActionMask = 2147483647;
			files = (
			);
			inputPaths = (
			);
			name = "[CP] Check Pods Manifest.lock";
			outputPaths = (
			);
			runOnlyForDeploymentPostprocessing = 0;
			shellPath = /bin/sh;
			shellScript = "diff \"${PODS_PODFILE_DIR_PATH}/Podfile.lock\" \"${PODS_ROOT}/Manifest.lock\" > /dev/null\nif [ $? != 0 ] ; then\n    # print error to STDERR\n    echo \"error: The sandbox is not in sync with the Podfile.lock. Run 'pod install' or update your CocoaPods installation.\" >&2\n    exit 1\nfi\n";
			showEnvVarsInLog = 0;
		};
		B03F35E69B20892CF3AF21CA /* [CP] Check Pods Manifest.lock */ = {
			isa = PBXShellScriptBuildPhase;
			buildActionMask = 2147483647;
			files = (
			);
			inputPaths = (
			);
			name = "[CP] Check Pods Manifest.lock";
			outputPaths = (
			);
			runOnlyForDeploymentPostprocessing = 0;
			shellPath = /bin/sh;
			shellScript = "diff \"${PODS_PODFILE_DIR_PATH}/Podfile.lock\" \"${PODS_ROOT}/Manifest.lock\" > /dev/null\nif [ $? != 0 ] ; then\n    # print error to STDERR\n    echo \"error: The sandbox is not in sync with the Podfile.lock. Run 'pod install' or update your CocoaPods installation.\" >&2\n    exit 1\nfi\n";
			showEnvVarsInLog = 0;
		};
		C31F3CBAA82CCA9CD551EA5E /* [CP] Embed Pods Frameworks */ = {
			isa = PBXShellScriptBuildPhase;
			buildActionMask = 2147483647;
			files = (
			);
			inputPaths = (
			);
			name = "[CP] Embed Pods Frameworks";
			outputPaths = (
			);
			runOnlyForDeploymentPostprocessing = 0;
			shellPath = /bin/sh;
			shellScript = "\"${SRCROOT}/Pods/Target Support Files/Pods-AbfahrtTests/Pods-AbfahrtTests-frameworks.sh\"\n";
			showEnvVarsInLog = 0;
		};
		E931F2F9564800236C3CE12F /* [CP] Copy Pods Resources */ = {
			isa = PBXShellScriptBuildPhase;
			buildActionMask = 2147483647;
			files = (
			);
			inputPaths = (
			);
			name = "[CP] Copy Pods Resources";
			outputPaths = (
			);
			runOnlyForDeploymentPostprocessing = 0;
			shellPath = /bin/sh;
			shellScript = "\"${SRCROOT}/Pods/Target Support Files/Pods-AbfahrtTests/Pods-AbfahrtTests-resources.sh\"\n";
			showEnvVarsInLog = 0;
		};
/* End PBXShellScriptBuildPhase section */

/* Begin PBXSourcesBuildPhase section */
		5D290D761EF52CDE00E63E89 /* Sources */ = {
			isa = PBXSourcesBuildPhase;
			buildActionMask = 2147483647;
			files = (
				5DF13D471EF542D3006F69B7 /* DeparturesViewController.swift in Sources */,
				807C48091F4060A500CAD35D /* Interruption.swift in Sources */,
				5D290D801EF52CDE00E63E89 /* ViewController.swift in Sources */,
				5D290DA01EF52CF000E63E89 /* API.swift in Sources */,
				800405822039DC3A003C0DC9 /* NotificationManager.swift in Sources */,
				5DFFF5371EF555090090B768 /* Extensions.swift in Sources */,
				806BBA571F7A89CC00A7882F /* SpringBoardShortcutManager.swift in Sources */,
				5D290DA11EF52CF000E63E89 /* Station.swift in Sources */,
				5D290D7E1EF52CDE00E63E89 /* AppDelegate.swift in Sources */,
				5D290DA41EF534BD00E63E89 /* Departure.swift in Sources */,
				5DF13D491EF54A6D006F69B7 /* DepartureTableViewCell.swift in Sources */,
			);
			runOnlyForDeploymentPostprocessing = 0;
		};
		5D290D8A1EF52CDF00E63E89 /* Sources */ = {
			isa = PBXSourcesBuildPhase;
			buildActionMask = 2147483647;
			files = (
				5D290D931EF52CDF00E63E89 /* AbfahrtTests.swift in Sources */,
			);
			runOnlyForDeploymentPostprocessing = 0;
		};
/* End PBXSourcesBuildPhase section */

/* Begin PBXTargetDependency section */
		5D290D901EF52CDF00E63E89 /* PBXTargetDependency */ = {
			isa = PBXTargetDependency;
			target = 5D290D791EF52CDE00E63E89 /* Abfahrt */;
			targetProxy = 5D290D8F1EF52CDF00E63E89 /* PBXContainerItemProxy */;
		};
/* End PBXTargetDependency section */

/* Begin PBXVariantGroup section */
		5D290D861EF52CDE00E63E89 /* LaunchScreen.storyboard */ = {
			isa = PBXVariantGroup;
			children = (
				5D290D871EF52CDE00E63E89 /* Base */,
			);
			name = LaunchScreen.storyboard;
			sourceTree = "<group>";
		};
/* End PBXVariantGroup section */

/* Begin XCBuildConfiguration section */
		5D290D951EF52CDF00E63E89 /* Debug */ = {
			isa = XCBuildConfiguration;
			buildSettings = {
				ALWAYS_SEARCH_USER_PATHS = NO;
				CLANG_ANALYZER_NONNULL = YES;
				CLANG_ANALYZER_NUMBER_OBJECT_CONVERSION = YES_AGGRESSIVE;
				CLANG_CXX_LANGUAGE_STANDARD = "gnu++0x";
				CLANG_CXX_LIBRARY = "libc++";
				CLANG_ENABLE_MODULES = YES;
				CLANG_ENABLE_OBJC_ARC = YES;
				CLANG_WARN_BLOCK_CAPTURE_AUTORELEASING = YES;
				CLANG_WARN_BOOL_CONVERSION = YES;
				CLANG_WARN_COMMA = YES;
				CLANG_WARN_CONSTANT_CONVERSION = YES;
				CLANG_WARN_DIRECT_OBJC_ISA_USAGE = YES_ERROR;
				CLANG_WARN_DOCUMENTATION_COMMENTS = YES;
				CLANG_WARN_EMPTY_BODY = YES;
				CLANG_WARN_ENUM_CONVERSION = YES;
				CLANG_WARN_INFINITE_RECURSION = YES;
				CLANG_WARN_INT_CONVERSION = YES;
				CLANG_WARN_NON_LITERAL_NULL_CONVERSION = YES;
				CLANG_WARN_OBJC_LITERAL_CONVERSION = YES;
				CLANG_WARN_OBJC_ROOT_CLASS = YES_ERROR;
				CLANG_WARN_RANGE_LOOP_ANALYSIS = YES;
				CLANG_WARN_STRICT_PROTOTYPES = YES;
				CLANG_WARN_SUSPICIOUS_MOVE = YES;
				CLANG_WARN_UNREACHABLE_CODE = YES;
				CLANG_WARN__DUPLICATE_METHOD_MATCH = YES;
				"CODE_SIGN_IDENTITY[sdk=iphoneos*]" = "iPhone Developer";
				COPY_PHASE_STRIP = NO;
				DEBUG_INFORMATION_FORMAT = dwarf;
				ENABLE_STRICT_OBJC_MSGSEND = YES;
				ENABLE_TESTABILITY = YES;
				GCC_C_LANGUAGE_STANDARD = gnu99;
				GCC_DYNAMIC_NO_PIC = NO;
				GCC_NO_COMMON_BLOCKS = YES;
				GCC_OPTIMIZATION_LEVEL = 0;
				GCC_PREPROCESSOR_DEFINITIONS = (
					"DEBUG=1",
					"$(inherited)",
				);
				GCC_WARN_64_TO_32_BIT_CONVERSION = YES;
				GCC_WARN_ABOUT_RETURN_TYPE = YES_ERROR;
				GCC_WARN_UNDECLARED_SELECTOR = YES;
				GCC_WARN_UNINITIALIZED_AUTOS = YES_AGGRESSIVE;
				GCC_WARN_UNUSED_FUNCTION = YES;
				GCC_WARN_UNUSED_VARIABLE = YES;
				IPHONEOS_DEPLOYMENT_TARGET = 11.0;
				MTL_ENABLE_DEBUG_INFO = YES;
				ONLY_ACTIVE_ARCH = YES;
				SDKROOT = iphoneos;
				SWIFT_ACTIVE_COMPILATION_CONDITIONS = DEBUG;
				SWIFT_OPTIMIZATION_LEVEL = "-Onone";
			};
			name = Debug;
		};
		5D290D961EF52CDF00E63E89 /* Release */ = {
			isa = XCBuildConfiguration;
			buildSettings = {
				ALWAYS_SEARCH_USER_PATHS = NO;
				CLANG_ANALYZER_NONNULL = YES;
				CLANG_ANALYZER_NUMBER_OBJECT_CONVERSION = YES_AGGRESSIVE;
				CLANG_CXX_LANGUAGE_STANDARD = "gnu++0x";
				CLANG_CXX_LIBRARY = "libc++";
				CLANG_ENABLE_MODULES = YES;
				CLANG_ENABLE_OBJC_ARC = YES;
				CLANG_WARN_BLOCK_CAPTURE_AUTORELEASING = YES;
				CLANG_WARN_BOOL_CONVERSION = YES;
				CLANG_WARN_COMMA = YES;
				CLANG_WARN_CONSTANT_CONVERSION = YES;
				CLANG_WARN_DIRECT_OBJC_ISA_USAGE = YES_ERROR;
				CLANG_WARN_DOCUMENTATION_COMMENTS = YES;
				CLANG_WARN_EMPTY_BODY = YES;
				CLANG_WARN_ENUM_CONVERSION = YES;
				CLANG_WARN_INFINITE_RECURSION = YES;
				CLANG_WARN_INT_CONVERSION = YES;
				CLANG_WARN_NON_LITERAL_NULL_CONVERSION = YES;
				CLANG_WARN_OBJC_LITERAL_CONVERSION = YES;
				CLANG_WARN_OBJC_ROOT_CLASS = YES_ERROR;
				CLANG_WARN_RANGE_LOOP_ANALYSIS = YES;
				CLANG_WARN_STRICT_PROTOTYPES = YES;
				CLANG_WARN_SUSPICIOUS_MOVE = YES;
				CLANG_WARN_UNREACHABLE_CODE = YES;
				CLANG_WARN__DUPLICATE_METHOD_MATCH = YES;
				"CODE_SIGN_IDENTITY[sdk=iphoneos*]" = "iPhone Developer";
				COPY_PHASE_STRIP = NO;
				DEBUG_INFORMATION_FORMAT = "dwarf-with-dsym";
				ENABLE_NS_ASSERTIONS = NO;
				ENABLE_STRICT_OBJC_MSGSEND = YES;
				GCC_C_LANGUAGE_STANDARD = gnu99;
				GCC_NO_COMMON_BLOCKS = YES;
				GCC_WARN_64_TO_32_BIT_CONVERSION = YES;
				GCC_WARN_ABOUT_RETURN_TYPE = YES_ERROR;
				GCC_WARN_UNDECLARED_SELECTOR = YES;
				GCC_WARN_UNINITIALIZED_AUTOS = YES_AGGRESSIVE;
				GCC_WARN_UNUSED_FUNCTION = YES;
				GCC_WARN_UNUSED_VARIABLE = YES;
				IPHONEOS_DEPLOYMENT_TARGET = 11.0;
				MTL_ENABLE_DEBUG_INFO = NO;
				SDKROOT = iphoneos;
				SWIFT_OPTIMIZATION_LEVEL = "-Owholemodule";
				VALIDATE_PRODUCT = YES;
			};
			name = Release;
		};
		5D290D981EF52CDF00E63E89 /* Debug */ = {
			isa = XCBuildConfiguration;
			baseConfigurationReference = 1D7AEDDD2BAEC7785F7349AD /* Pods-Abfahrt.debug.xcconfig */;
			buildSettings = {
				ASSETCATALOG_COMPILER_APPICON_NAME = AppIcon;
				DEVELOPMENT_TEAM = A485NLSB8K;
				INFOPLIST_FILE = Abfahrt/Info.plist;
				IPHONEOS_DEPLOYMENT_TARGET = 11.0;
				LD_RUNPATH_SEARCH_PATHS = "$(inherited) @executable_path/Frameworks";
				PRODUCT_BUNDLE_IDENTIFIER = vip.lukas.Abfahrt;
				PRODUCT_NAME = "$(TARGET_NAME)";
				SWIFT_SWIFT3_OBJC_INFERENCE = On;
				SWIFT_VERSION = 4.0;
			};
			name = Debug;
		};
		5D290D991EF52CDF00E63E89 /* Release */ = {
			isa = XCBuildConfiguration;
			baseConfigurationReference = 812C788CCFB283C6B9044CFF /* Pods-Abfahrt.release.xcconfig */;
			buildSettings = {
				ASSETCATALOG_COMPILER_APPICON_NAME = AppIcon;
				DEVELOPMENT_TEAM = A485NLSB8K;
				INFOPLIST_FILE = Abfahrt/Info.plist;
				IPHONEOS_DEPLOYMENT_TARGET = 11.0;
				LD_RUNPATH_SEARCH_PATHS = "$(inherited) @executable_path/Frameworks";
				PRODUCT_BUNDLE_IDENTIFIER = vip.lukas.Abfahrt;
				PRODUCT_NAME = "$(TARGET_NAME)";
				SWIFT_SWIFT3_OBJC_INFERENCE = On;
				SWIFT_VERSION = 4.0;
			};
			name = Release;
		};
		5D290D9B1EF52CDF00E63E89 /* Debug */ = {
			isa = XCBuildConfiguration;
			baseConfigurationReference = 78462ABA644D007247FBC858 /* Pods-AbfahrtTests.debug.xcconfig */;
			buildSettings = {
				ALWAYS_EMBED_SWIFT_STANDARD_LIBRARIES = YES;
				BUNDLE_LOADER = "$(TEST_HOST)";
				DEVELOPMENT_TEAM = A485NLSB8K;
				INFOPLIST_FILE = AbfahrtTests/Info.plist;
				LD_RUNPATH_SEARCH_PATHS = "$(inherited) @executable_path/Frameworks @loader_path/Frameworks";
				PRODUCT_BUNDLE_IDENTIFIER = vip.lukas.AbfahrtTests;
				PRODUCT_NAME = "$(TARGET_NAME)";
				SWIFT_SWIFT3_OBJC_INFERENCE = On;
				SWIFT_VERSION = 4.0;
				TEST_HOST = "$(BUILT_PRODUCTS_DIR)/Abfahrt.app/Abfahrt";
			};
			name = Debug;
		};
		5D290D9C1EF52CDF00E63E89 /* Release */ = {
			isa = XCBuildConfiguration;
			baseConfigurationReference = 95908159FFD46E70F6B1F04C /* Pods-AbfahrtTests.release.xcconfig */;
			buildSettings = {
				ALWAYS_EMBED_SWIFT_STANDARD_LIBRARIES = YES;
				BUNDLE_LOADER = "$(TEST_HOST)";
				DEVELOPMENT_TEAM = A485NLSB8K;
				INFOPLIST_FILE = AbfahrtTests/Info.plist;
				LD_RUNPATH_SEARCH_PATHS = "$(inherited) @executable_path/Frameworks @loader_path/Frameworks";
				PRODUCT_BUNDLE_IDENTIFIER = vip.lukas.AbfahrtTests;
				PRODUCT_NAME = "$(TARGET_NAME)";
				SWIFT_SWIFT3_OBJC_INFERENCE = On;
				SWIFT_VERSION = 4.0;
				TEST_HOST = "$(BUILT_PRODUCTS_DIR)/Abfahrt.app/Abfahrt";
			};
			name = Release;
		};
/* End XCBuildConfiguration section */

/* Begin XCConfigurationList section */
		5D290D751EF52CDE00E63E89 /* Build configuration list for PBXProject "Abfahrt" */ = {
			isa = XCConfigurationList;
			buildConfigurations = (
				5D290D951EF52CDF00E63E89 /* Debug */,
				5D290D961EF52CDF00E63E89 /* Release */,
			);
			defaultConfigurationIsVisible = 0;
			defaultConfigurationName = Release;
		};
		5D290D971EF52CDF00E63E89 /* Build configuration list for PBXNativeTarget "Abfahrt" */ = {
			isa = XCConfigurationList;
			buildConfigurations = (
				5D290D981EF52CDF00E63E89 /* Debug */,
				5D290D991EF52CDF00E63E89 /* Release */,
			);
			defaultConfigurationIsVisible = 0;
			defaultConfigurationName = Release;
		};
		5D290D9A1EF52CDF00E63E89 /* Build configuration list for PBXNativeTarget "AbfahrtTests" */ = {
			isa = XCConfigurationList;
			buildConfigurations = (
				5D290D9B1EF52CDF00E63E89 /* Debug */,
				5D290D9C1EF52CDF00E63E89 /* Release */,
			);
			defaultConfigurationIsVisible = 0;
			defaultConfigurationName = Release;
		};
/* End XCConfigurationList section */
	};
	rootObject = 5D290D721EF52CDE00E63E89 /* Project object */;
}
